
Microsoft Visual Studio Solution File, Format Version 12.00
# Visual Studio Version 17
VisualStudioVersion = 17.0.31903.59
MinimumVisualStudioVersion = 10.0.40219.1
Project("{FAE04EC0-301F-11D3-BF4B-00C04F79EFBC}") = "TodoList", "TodoList\TodoList.csproj", "{247CBA23-2BAC-4167-B2E2-4116C9469ED2}"
EndProject
Project("{FAE04EC0-301F-11D3-BF4B-00C04F79EFBC}") = "TodoList.Tests", "TodoList.Tests\TodoList.Tests.csproj", "{0E81570E-F761-4FB1-A686-97F32DA28CAD}"
EndProject
Global
	GlobalSection(SolutionConfigurationPlatforms) = preSolution
		Debug|Any CPU = Debug|Any CPU
		Release|Any CPU = Release|Any CPU
	EndGlobalSection
	GlobalSection(ProjectConfigurationPlatforms) = postSolution
		{247CBA23-2BAC-4167-B2E2-4116C9469ED2}.Debug|Any CPU.ActiveCfg = Debug|Any CPU
		{247CBA23-2BAC-4167-B2E2-4116C9469ED2}.Debug|Any CPU.Build.0 = Debug|Any CPU
		{247CBA23-2BAC-4167-B2E2-4116C9469ED2}.Release|Any CPU.ActiveCfg = Release|Any CPU
		{247CBA23-2BAC-4167-B2E2-4116C9469ED2}.Release|Any CPU.Build.0 = Release|Any CPU
		{0E81570E-F761-4FB1-A686-97F32DA28CAD}.Debug|Any CPU.ActiveCfg = Debug|Any CPU
		{0E81570E-F761-4FB1-A686-97F32DA28CAD}.Debug|Any CPU.Build.0 = Debug|Any CPU
		{0E81570E-F761-4FB1-A686-97F32DA28CAD}.Release|Any CPU.ActiveCfg = Release|Any CPU
		{0E81570E-F761-4FB1-A686-97F32DA28CAD}.Release|Any CPU.Build.0 = Release|Any CPU
	EndGlobalSection
	GlobalSection(SolutionProperties) = preSolution
		HideSolutionNode = FALSE
	EndGlobalSection
	GlobalSection(ExtensibilityGlobals) = postSolution
		SolutionGuid = {7F59AAB4-C92A-483C-A486-00267A54BBDE}
	EndGlobalSection
EndGlobal
